Microsoft Visual Studio Solution File, Format Version 12.00
# Visual Studio Version 17
VisualStudioVersion = 17.5.2.0
MinimumVisualStudioVersion = 10.0.40219.1
Project("{2150E333-8FDC-42A3-9474-1A3956D46DE8}") = "opentelemetry-dotnet", "opentelemetry-dotnet", "{2C0DDD4D-87DC-F3A6-10D6-60C5175E2DFD}"
EndProject
Project("{FAE04EC0-301F-11D3-BF4B-00C04F79EFBC}") = "opentelemetry-dotnet", "opentelemetry-dotnet\sampleApp\opentelemetry-dotnet.csproj", "{33787E4B-73F2-F167-6FB0-22E91893A8E7}"
EndProject
Global
	GlobalSection(SolutionConfigurationPlatforms) = preSolution
		Debug|Any CPU = Debug|Any CPU
		Release|Any CPU = Release|Any CPU
	EndGlobalSection
	GlobalSection(ProjectConfigurationPlatforms) = postSolution
		{33787E4B-73F2-F167-6FB0-22E91893A8E7}.Debug|Any CPU.ActiveCfg = Debug|Any CPU
		{33787E4B-73F2-F167-6FB0-22E91893A8E7}.Debug|Any CPU.Build.0 = Debug|Any CPU
		{33787E4B-73F2-F167-6FB0-22E91893A8E7}.Release|Any CPU.ActiveCfg = Release|Any CPU
		{33787E4B-73F2-F167-6FB0-22E91893A8E7}.Release|Any CPU.Build.0 = Release|Any CPU
	EndGlobalSection
	GlobalSection(SolutionProperties) = preSolution
		HideSolutionNode = FALSE
	EndGlobalSection
	GlobalSection(NestedProjects) = preSolution
		{33787E4B-73F2-F167-6FB0-22E91893A8E7} = {2C0DDD4D-87DC-F3A6-10D6-60C5175E2DFD}
	EndGlobalSection
	GlobalSection(ExtensibilityGlobals) = postSolution
		SolutionGuid = {85F5DA99-6427-4781-80D9-7892E02B7D79}
	EndGlobalSection
EndGlobal
