Microsoft Visual Studio Solution File, Format Version 12.00
# Visual Studio Version 17
VisualStudioVersion = 17.5.2.0
MinimumVisualStudioVersion = 10.0.40219.1
Project("{FAE04EC0-301F-11D3-BF4B-00C04F79EFBC}") = "Converter", "Converter\Converter.csproj", "{2F33A48E-380C-B023-9C41-6B1A08621046}"
EndProject
Project("{FAE04EC0-301F-11D3-BF4B-00C04F79EFBC}") = "Converter.Tests", "Converter.Tests\Converter.Tests.csproj", "{819BBDE3-12CA-F2A4-2F52-ACBE41A4097C}"
EndProject
Global
	GlobalSection(SolutionConfigurationPlatforms) = preSolution
		Debug|Any CPU = Debug|Any CPU
		Release|Any CPU = Release|Any CPU
	EndGlobalSection
	GlobalSection(ProjectConfigurationPlatforms) = postSolution
		{2F33A48E-380C-B023-9C41-6B1A08621046}.Debug|Any CPU.ActiveCfg = Debug|Any CPU
		{2F33A48E-380C-B023-9C41-6B1A08621046}.Debug|Any CPU.Build.0 = Debug|Any CPU
		{2F33A48E-380C-B023-9C41-6B1A08621046}.Release|Any CPU.ActiveCfg = Release|Any CPU
		{2F33A48E-380C-B023-9C41-6B1A08621046}.Release|Any CPU.Build.0 = Release|Any CPU
		{819BBDE3-12CA-F2A4-2F52-ACBE41A4097C}.Debug|Any CPU.ActiveCfg = Debug|Any CPU
		{819BBDE3-12CA-F2A4-2F52-ACBE41A4097C}.Debug|Any CPU.Build.0 = Debug|Any CPU
		{819BBDE3-12CA-F2A4-2F52-ACBE41A4097C}.Release|Any CPU.ActiveCfg = Release|Any CPU
		{819BBDE3-12CA-F2A4-2F52-ACBE41A4097C}.Release|Any CPU.Build.0 = Release|Any CPU
	EndGlobalSection
	GlobalSection(SolutionProperties) = preSolution
		HideSolutionNode = FALSE
	EndGlobalSection
	GlobalSection(ExtensibilityGlobals) = postSolution
		SolutionGuid = {D1D666FA-2084-4526-BD08-73954C8B405C}
	EndGlobalSection
EndGlobal
