Microsoft Visual Studio Solution File, Format Version 12.00
# Visual Studio Version 17
VisualStudioVersion = 17.5.2.0
MinimumVisualStudioVersion = 10.0.40219.1
Project("{FAE04EC0-301F-11D3-BF4B-00C04F79EFBC}") = "unit of work with transactionscope", "unit of work with transactionscope.csproj", "{E0FAE645-81F4-8734-9CB8-CDC561C69027}"
EndProject
Global
	GlobalSection(SolutionConfigurationPlatforms) = preSolution
		Debug|Any CPU = Debug|Any CPU
		Release|Any CPU = Release|Any CPU
	EndGlobalSection
	GlobalSection(ProjectConfigurationPlatforms) = postSolution
		{E0FAE645-81F4-8734-9CB8-CDC561C69027}.Debug|Any CPU.ActiveCfg = Debug|Any CPU
		{E0FAE645-81F4-8734-9CB8-CDC561C69027}.Debug|Any CPU.Build.0 = Debug|Any CPU
		{E0FAE645-81F4-8734-9CB8-CDC561C69027}.Release|Any CPU.ActiveCfg = Release|Any CPU
		{E0FAE645-81F4-8734-9CB8-CDC561C69027}.Release|Any CPU.Build.0 = Release|Any CPU
	EndGlobalSection
	GlobalSection(SolutionProperties) = preSolution
		HideSolutionNode = FALSE
	EndGlobalSection
	GlobalSection(ExtensibilityGlobals) = postSolution
		SolutionGuid = {7F26A00D-6D40-4E3C-94E1-7C222C058D4F}
	EndGlobalSection
EndGlobal
