Microsoft Visual Studio Solution File, Format Version 12.00
# Visual Studio Version 17
VisualStudioVersion = 17.0.31903.59
MinimumVisualStudioVersion = 10.0.40219.1

Project("{FAE04EC0-301F-11D3-BF4B-00C04F79EFBC}") = "GrpcServer", "GrpcServer\GrpcServer.csproj", "{C38E6EFD-CFCA-4F26-8250-EAFBE81EEE4D}"
EndProject
Project("{FAE04EC0-301F-11D3-BF4B-00C04F79EFBC}") = "GrpcClient", "GrpcClient\GrpcClient.csproj", "{8725FA65-14B8-466E-BCB8-5EBA5D2E9110}"
EndProject

Global
				GlobalSection(ProjectConfigurationPlatforms) = postSolution
								{C38E6EFD-CFCA-4F26-8250-EAFBE81EEE4D}.Debug|Any CPU.ActiveCfg = Debug|Any CPU
								{C38E6EFD-CFCA-4F26-8250-EAFBE81EEE4D}.Debug|Any CPU.Build.0 = Debug|Any CPU
								{C38E6EFD-CFCA-4F26-8250-EAFBE81EEE4D}.Release|Any CPU.ActiveCfg = Release|Any CPU
								{C38E6EFD-CFCA-4F26-8250-EAFBE81EEE4D}.Release|Any CPU.Build.0 = Release|Any CPU
				EndGlobalSection
EndGlobal
